
Microsoft Visual Studio Solution File, Format Version 12.00
# Visual Studio Version 17
VisualStudioVersion = 17.4.33110.190
MinimumVisualStudioVersion = 10.0.40219.1
Project("{FAE04EC0-301F-11D3-BF4B-00C04F79EFBC}") = "PW4", "PW4\PW4.csproj", "{B9928DB3-0D0B-4FBE-8982-D59ACE015A0B}"
EndProject
Project("{FAE04EC0-301F-11D3-BF4B-00C04F79EFBC}") = "PW4.2", "PW4.2\PW4.2.csproj", "{21F3B3CE-532F-4A90-A36A-81D11AE0A611}"
EndProject
Project("{FAE04EC0-301F-11D3-BF4B-00C04F79EFBC}") = "PW4.3", "PW4.3\PW4.3.csproj", "{B18D6DDC-438A-4184-AFCA-626C0B27FFAC}"
EndProject
Global
	GlobalSection(SolutionConfigurationPlatforms) = preSolution
		Debug|Any CPU = Debug|Any CPU
		Release|Any CPU = Release|Any CPU
	EndGlobalSection
	GlobalSection(ProjectConfigurationPlatforms) = postSolution
		{B9928DB3-0D0B-4FBE-8982-D59ACE015A0B}.Debug|Any CPU.ActiveCfg = Debug|Any CPU
		{B9928DB3-0D0B-4FBE-8982-D59ACE015A0B}.Debug|Any CPU.Build.0 = Debug|Any CPU
		{B9928DB3-0D0B-4FBE-8982-D59ACE015A0B}.Release|Any CPU.ActiveCfg = Release|Any CPU
		{B9928DB3-0D0B-4FBE-8982-D59ACE015A0B}.Release|Any CPU.Build.0 = Release|Any CPU
		{21F3B3CE-532F-4A90-A36A-81D11AE0A611}.Debug|Any CPU.ActiveCfg = Debug|Any CPU
		{21F3B3CE-532F-4A90-A36A-81D11AE0A611}.Debug|Any CPU.Build.0 = Debug|Any CPU
		{21F3B3CE-532F-4A90-A36A-81D11AE0A611}.Release|Any CPU.ActiveCfg = Release|Any CPU
		{21F3B3CE-532F-4A90-A36A-81D11AE0A611}.Release|Any CPU.Build.0 = Release|Any CPU
		{B18D6DDC-438A-4184-AFCA-626C0B27FFAC}.Debug|Any CPU.ActiveCfg = Debug|Any CPU
		{B18D6DDC-438A-4184-AFCA-626C0B27FFAC}.Debug|Any CPU.Build.0 = Debug|Any CPU
		{B18D6DDC-438A-4184-AFCA-626C0B27FFAC}.Release|Any CPU.ActiveCfg = Release|Any CPU
		{B18D6DDC-438A-4184-AFCA-626C0B27FFAC}.Release|Any CPU.Build.0 = Release|Any CPU
	EndGlobalSection
	GlobalSection(SolutionProperties) = preSolution
		HideSolutionNode = FALSE
	EndGlobalSection
	GlobalSection(ExtensibilityGlobals) = postSolution
		SolutionGuid = {88D7AD84-1B22-4EBA-9626-EA3A2D12C8C4}
	EndGlobalSection
EndGlobal
